// !$*UTF8*$!
{
	archiveVersion = 1;
	classes = {
	};
	objectVersion = 50;
	objects = {

/* Begin PBXBuildFile section */
		04FD38CB2583BFA400C4B7A5 /* AppDelegate.swift in Sources */ = {isa = PBXBuildFile; fileRef = 04FD38CA2583BFA400C4B7A5 /* AppDelegate.swift */; };
		04FD38CD2583BFA400C4B7A5 /* SceneDelegate.swift in Sources */ = {isa = PBXBuildFile; fileRef = 04FD38CC2583BFA400C4B7A5 /* SceneDelegate.swift */; };
		04FD38CF2583BFA400C4B7A5 /* DepositsVC.swift in Sources */ = {isa = PBXBuildFile; fileRef = 04FD38CE2583BFA400C4B7A5 /* DepositsVC.swift */; };
		04FD38D22583BFA400C4B7A5 /* Main.storyboard in Resources */ = {isa = PBXBuildFile; fileRef = 04FD38D02583BFA400C4B7A5 /* Main.storyboard */; };
		04FD38D52583BFA400C4B7A5 /* Deposit_Calculator.xcdatamodeld in Sources */ = {isa = PBXBuildFile; fileRef = 04FD38D32583BFA400C4B7A5 /* Deposit_Calculator.xcdatamodeld */; };
		04FD38D72583BFA500C4B7A5 /* Assets.xcassets in Resources */ = {isa = PBXBuildFile; fileRef = 04FD38D62583BFA500C4B7A5 /* Assets.xcassets */; };
		04FD38DA2583BFA500C4B7A5 /* LaunchScreen.storyboard in Resources */ = {isa = PBXBuildFile; fileRef = 04FD38D82583BFA500C4B7A5 /* LaunchScreen.storyboard */; };
		04FD38E52583BFA500C4B7A5 /* Deposit_CalculatorTests.swift in Sources */ = {isa = PBXBuildFile; fileRef = 04FD38E42583BFA500C4B7A5 /* Deposit_CalculatorTests.swift */; };
		04FD38F02583BFA500C4B7A5 /* Deposit_CalculatorUITests.swift in Sources */ = {isa = PBXBuildFile; fileRef = 04FD38EF2583BFA500C4B7A5 /* Deposit_CalculatorUITests.swift */; };
		04FD390E2583CC6200C4B7A5 /* NewDepositVC.swift in Sources */ = {isa = PBXBuildFile; fileRef = 04FD390D2583CC6200C4B7A5 /* NewDepositVC.swift */; };
		04FD39132583CC7800C4B7A5 /* DetailDepositVC.swift in Sources */ = {isa = PBXBuildFile; fileRef = 04FD39122583CC7800C4B7A5 /* DetailDepositVC.swift */; };
		04FD39182583CCAC00C4B7A5 /* DepositTableViewCell.swift in Sources */ = {isa = PBXBuildFile; fileRef = 04FD39172583CCAC00C4B7A5 /* DepositTableViewCell.swift */; };
		04FD39202583CE2200C4B7A5 /* DetailDepositTableViewCell.swift in Sources */ = {isa = PBXBuildFile; fileRef = 04FD391F2583CE2200C4B7A5 /* DetailDepositTableViewCell.swift */; };
/* End PBXBuildFile section */

/* Begin PBXContainerItemProxy section */
		04FD38E12583BFA500C4B7A5 /* PBXContainerItemProxy */ = {
			isa = PBXContainerItemProxy;
			containerPortal = 04FD38BF2583BFA400C4B7A5 /* Project object */;
			proxyType = 1;
			remoteGlobalIDString = 04FD38C62583BFA400C4B7A5;
			remoteInfo = "Deposit Calculator";
		};
		04FD38EC2583BFA500C4B7A5 /* PBXContainerItemProxy */ = {
			isa = PBXContainerItemProxy;
			containerPortal = 04FD38BF2583BFA400C4B7A5 /* Project object */;
			proxyType = 1;
			remoteGlobalIDString = 04FD38C62583BFA400C4B7A5;
			remoteInfo = "Deposit Calculator";
		};
/* End PBXContainerItemProxy section */

/* Begin PBXFileReference section */
		04FD38C72583BFA400C4B7A5 /* Deposit Calculator.app */ = {isa = PBXFileReference; explicitFileType = wrapper.application; includeInIndex = 0; path = "Deposit Calculator.app"; sourceTree = BUILT_PRODUCTS_DIR; };
		04FD38CA2583BFA400C4B7A5 /* AppDelegate.swift */ = {isa = PBXFileReference; lastKnownFileType = sourcecode.swift; path = AppDelegate.swift; sourceTree = "<group>"; };
		04FD38CC2583BFA400C4B7A5 /* SceneDelegate.swift */ = {isa = PBXFileReference; lastKnownFileType = sourcecode.swift; path = SceneDelegate.swift; sourceTree = "<group>"; };
		04FD38CE2583BFA400C4B7A5 /* DepositsVC.swift */ = {isa = PBXFileReference; lastKnownFileType = sourcecode.swift; path = DepositsVC.swift; sourceTree = "<group>"; };
		04FD38D12583BFA400C4B7A5 /* Base */ = {isa = PBXFileReference; lastKnownFileType = file.storyboard; name = Base; path = Base.lproj/Main.storyboard; sourceTree = "<group>"; };
		04FD38D42583BFA400C4B7A5 /* Deposit_Calculator.xcdatamodel */ = {isa = PBXFileReference; lastKnownFileType = wrapper.xcdatamodel; path = Deposit_Calculator.xcdatamodel; sourceTree = "<group>"; };
		04FD38D62583BFA500C4B7A5 /* Assets.xcassets */ = {isa = PBXFileReference; lastKnownFileType = folder.assetcatalog; path = Assets.xcassets; sourceTree = "<group>"; };
		04FD38D92583BFA500C4B7A5 /* Base */ = {isa = PBXFileReference; lastKnownFileType = file.storyboard; name = Base; path = Base.lproj/LaunchScreen.storyboard; sourceTree = "<group>"; };
		04FD38DB2583BFA500C4B7A5 /* Info.plist */ = {isa = PBXFileReference; lastKnownFileType = text.plist.xml; path = Info.plist; sourceTree = "<group>"; };
		04FD38E02583BFA500C4B7A5 /* Deposit CalculatorTests.xctest */ = {isa = PBXFileReference; explicitFileType = wrapper.cfbundle; includeInIndex = 0; path = "Deposit CalculatorTests.xctest"; sourceTree = BUILT_PRODUCTS_DIR; };
		04FD38E42583BFA500C4B7A5 /* Deposit_CalculatorTests.swift */ = {isa = PBXFileReference; lastKnownFileType = sourcecode.swift; path = Deposit_CalculatorTests.swift; sourceTree = "<group>"; };
		04FD38E62583BFA500C4B7A5 /* Info.plist */ = {isa = PBXFileReference; lastKnownFileType = text.plist.xml; path = Info.plist; sourceTree = "<group>"; };
		04FD38EB2583BFA500C4B7A5 /* Deposit CalculatorUITests.xctest */ = {isa = PBXFileReference; explicitFileType = wrapper.cfbundle; includeInIndex = 0; path = "Deposit CalculatorUITests.xctest"; sourceTree = BUILT_PRODUCTS_DIR; };
		04FD38EF2583BFA500C4B7A5 /* Deposit_CalculatorUITests.swift */ = {isa = PBXFileReference; lastKnownFileType = sourcecode.swift; path = Deposit_CalculatorUITests.swift; sourceTree = "<group>"; };
		04FD38F12583BFA500C4B7A5 /* Info.plist */ = {isa = PBXFileReference; lastKnownFileType = text.plist.xml; path = Info.plist; sourceTree = "<group>"; };
		04FD39002583BFAE00C4B7A5 /* Deposit Calculator.entitlements */ = {isa = PBXFileReference; lastKnownFileType = text.plist.entitlements; path = "Deposit Calculator.entitlements"; sourceTree = "<group>"; };
		04FD390D2583CC6200C4B7A5 /* NewDepositVC.swift */ = {isa = PBXFileReference; lastKnownFileType = sourcecode.swift; path = NewDepositVC.swift; sourceTree = "<group>"; };
		04FD39122583CC7800C4B7A5 /* DetailDepositVC.swift */ = {isa = PBXFileReference; lastKnownFileType = sourcecode.swift; path = DetailDepositVC.swift; sourceTree = "<group>"; };
		04FD39172583CCAC00C4B7A5 /* DepositTableViewCell.swift */ = {isa = PBXFileReference; lastKnownFileType = sourcecode.swift; path = DepositTableViewCell.swift; sourceTree = "<group>"; };
		04FD391F2583CE2200C4B7A5 /* DetailDepositTableViewCell.swift */ = {isa = PBXFileReference; lastKnownFileType = sourcecode.swift; path = DetailDepositTableViewCell.swift; sourceTree = "<group>"; };
/* End PBXFileReference section */

/* Begin PBXFrameworksBuildPhase section */
		04FD38C42583BFA400C4B7A5 /* Frameworks */ = {
			isa = PBXFrameworksBuildPhase;
			buildActionMask = 2147483647;
			files = (
			);
			runOnlyForDeploymentPostprocessing = 0;
		};
		04FD38DD2583BFA500C4B7A5 /* Frameworks */ = {
			isa = PBXFrameworksBuildPhase;
			buildActionMask = 2147483647;
			files = (
			);
			runOnlyForDeploymentPostprocessing = 0;
		};
		04FD38E82583BFA500C4B7A5 /* Frameworks */ = {
			isa = PBXFrameworksBuildPhase;
			buildActionMask = 2147483647;
			files = (
			);
			runOnlyForDeploymentPostprocessing = 0;
		};
/* End PBXFrameworksBuildPhase section */

/* Begin PBXGroup section */
		04FD38BE2583BFA400C4B7A5 = {
			isa = PBXGroup;
			children = (
				04FD38C92583BFA400C4B7A5 /* Deposit Calculator */,
				04FD38E32583BFA500C4B7A5 /* Deposit CalculatorTests */,
				04FD38EE2583BFA500C4B7A5 /* Deposit CalculatorUITests */,
				04FD38C82583BFA400C4B7A5 /* Products */,
			);
			sourceTree = "<group>";
		};
		04FD38C82583BFA400C4B7A5 /* Products */ = {
			isa = PBXGroup;
			children = (
				04FD38C72583BFA400C4B7A5 /* Deposit Calculator.app */,
				04FD38E02583BFA500C4B7A5 /* Deposit CalculatorTests.xctest */,
				04FD38EB2583BFA500C4B7A5 /* Deposit CalculatorUITests.xctest */,
			);
			name = Products;
			sourceTree = "<group>";
		};
		04FD38C92583BFA400C4B7A5 /* Deposit Calculator */ = {
			isa = PBXGroup;
			children = (
				04FD38CA2583BFA400C4B7A5 /* AppDelegate.swift */,
				04FD38CC2583BFA400C4B7A5 /* SceneDelegate.swift */,
				04FD38CE2583BFA400C4B7A5 /* DepositsVC.swift */,
				04FD39172583CCAC00C4B7A5 /* DepositTableViewCell.swift */,
				04FD390D2583CC6200C4B7A5 /* NewDepositVC.swift */,
				04FD39122583CC7800C4B7A5 /* DetailDepositVC.swift */,
				04FD391F2583CE2200C4B7A5 /* DetailDepositTableViewCell.swift */,
				04FD38D02583BFA400C4B7A5 /* Main.storyboard */,
				04FD38D62583BFA500C4B7A5 /* Assets.xcassets */,
				04FD38D82583BFA500C4B7A5 /* LaunchScreen.storyboard */,
				04FD38DB2583BFA500C4B7A5 /* Info.plist */,
				04FD39002583BFAE00C4B7A5 /* Deposit Calculator.entitlements */,
				04FD38D32583BFA400C4B7A5 /* Deposit_Calculator.xcdatamodeld */,
			);
			path = "Deposit Calculator";
			sourceTree = "<group>";
		};
		04FD38E32583BFA500C4B7A5 /* Deposit CalculatorTests */ = {
			isa = PBXGroup;
			children = (
				04FD38E42583BFA500C4B7A5 /* Deposit_CalculatorTests.swift */,
				04FD38E62583BFA500C4B7A5 /* Info.plist */,
			);
			path = "Deposit CalculatorTests";
			sourceTree = "<group>";
		};
		04FD38EE2583BFA500C4B7A5 /* Deposit CalculatorUITests */ = {
			isa = PBXGroup;
			children = (
				04FD38EF2583BFA500C4B7A5 /* Deposit_CalculatorUITests.swift */,
				04FD38F12583BFA500C4B7A5 /* Info.plist */,
			);
			path = "Deposit CalculatorUITests";
			sourceTree = "<group>";
		};
/* End PBXGroup section */

/* Begin PBXNativeTarget section */
		04FD38C62583BFA400C4B7A5 /* Deposit Calculator */ = {
			isa = PBXNativeTarget;
			buildConfigurationList = 04FD38F42583BFA500C4B7A5 /* Build configuration list for PBXNativeTarget "Deposit Calculator" */;
			buildPhases = (
				04FD38C32583BFA400C4B7A5 /* Sources */,
				04FD38C42583BFA400C4B7A5 /* Frameworks */,
				04FD38C52583BFA400C4B7A5 /* Resources */,
			);
			buildRules = (
			);
			dependencies = (
			);
			name = "Deposit Calculator";
			productName = "Deposit Calculator";
			productReference = 04FD38C72583BFA400C4B7A5 /* Deposit Calculator.app */;
			productType = "com.apple.product-type.application";
		};
		04FD38DF2583BFA500C4B7A5 /* Deposit CalculatorTests */ = {
			isa = PBXNativeTarget;
			buildConfigurationList = 04FD38F72583BFA500C4B7A5 /* Build configuration list for PBXNativeTarget "Deposit CalculatorTests" */;
			buildPhases = (
				04FD38DC2583BFA500C4B7A5 /* Sources */,
				04FD38DD2583BFA500C4B7A5 /* Frameworks */,
				04FD38DE2583BFA500C4B7A5 /* Resources */,
			);
			buildRules = (
			);
			dependencies = (
				04FD38E22583BFA500C4B7A5 /* PBXTargetDependency */,
			);
			name = "Deposit CalculatorTests";
			productName = "Deposit CalculatorTests";
			productReference = 04FD38E02583BFA500C4B7A5 /* Deposit CalculatorTests.xctest */;
			productType = "com.apple.product-type.bundle.unit-test";
		};
		04FD38EA2583BFA500C4B7A5 /* Deposit CalculatorUITests */ = {
			isa = PBXNativeTarget;
			buildConfigurationList = 04FD38FA2583BFA500C4B7A5 /* Build configuration list for PBXNativeTarget "Deposit CalculatorUITests" */;
			buildPhases = (
				04FD38E72583BFA500C4B7A5 /* Sources */,
				04FD38E82583BFA500C4B7A5 /* Frameworks */,
				04FD38E92583BFA500C4B7A5 /* Resources */,
			);
			buildRules = (
			);
			dependencies = (
				04FD38ED2583BFA500C4B7A5 /* PBXTargetDependency */,
			);
			name = "Deposit CalculatorUITests";
			productName = "Deposit CalculatorUITests";
			productReference = 04FD38EB2583BFA500C4B7A5 /* Deposit CalculatorUITests.xctest */;
			productType = "com.apple.product-type.bundle.ui-testing";
		};
/* End PBXNativeTarget section */

/* Begin PBXProject section */
		04FD38BF2583BFA400C4B7A5 /* Project object */ = {
			isa = PBXProject;
			attributes = {
				LastSwiftUpdateCheck = 1220;
				LastUpgradeCheck = 1220;
				TargetAttributes = {
					04FD38C62583BFA400C4B7A5 = {
						CreatedOnToolsVersion = 12.2;
					};
					04FD38DF2583BFA500C4B7A5 = {
						CreatedOnToolsVersion = 12.2;
						TestTargetID = 04FD38C62583BFA400C4B7A5;
					};
					04FD38EA2583BFA500C4B7A5 = {
						CreatedOnToolsVersion = 12.2;
						TestTargetID = 04FD38C62583BFA400C4B7A5;
					};
				};
			};
			buildConfigurationList = 04FD38C22583BFA400C4B7A5 /* Build configuration list for PBXProject "Deposit Calculator" */;
			compatibilityVersion = "Xcode 9.3";
			developmentRegion = en;
			hasScannedForEncodings = 0;
			knownRegions = (
				en,
				Base,
			);
			mainGroup = 04FD38BE2583BFA400C4B7A5;
			productRefGroup = 04FD38C82583BFA400C4B7A5 /* Products */;
			projectDirPath = "";
			projectRoot = "";
			targets = (
				04FD38C62583BFA400C4B7A5 /* Deposit Calculator */,
				04FD38DF2583BFA500C4B7A5 /* Deposit CalculatorTests */,
				04FD38EA2583BFA500C4B7A5 /* Deposit CalculatorUITests */,
			);
		};
/* End PBXProject section */

/* Begin PBXResourcesBuildPhase section */
		04FD38C52583BFA400C4B7A5 /* Resources */ = {
			isa = PBXResourcesBuildPhase;
			buildActionMask = 2147483647;
			files = (
				04FD38DA2583BFA500C4B7A5 /* LaunchScreen.storyboard in Resources */,
				04FD38D72583BFA500C4B7A5 /* Assets.xcassets in Resources */,
				04FD38D22583BFA400C4B7A5 /* Main.storyboard in Resources */,
			);
			runOnlyForDeploymentPostprocessing = 0;
		};
		04FD38DE2583BFA500C4B7A5 /* Resources */ = {
			isa = PBXResourcesBuildPhase;
			buildActionMask = 2147483647;
			files = (
			);
			runOnlyForDeploymentPostprocessing = 0;
		};
		04FD38E92583BFA500C4B7A5 /* Resources */ = {
			isa = PBXResourcesBuildPhase;
			buildActionMask = 2147483647;
			files = (
			);
			runOnlyForDeploymentPostprocessing = 0;
		};
/* End PBXResourcesBuildPhase section */

/* Begin PBXSourcesBuildPhase section */
		04FD38C32583BFA400C4B7A5 /* Sources */ = {
			isa = PBXSourcesBuildPhase;
			buildActionMask = 2147483647;
			files = (
				04FD390E2583CC6200C4B7A5 /* NewDepositVC.swift in Sources */,
				04FD38D52583BFA400C4B7A5 /* Deposit_Calculator.xcdatamodeld in Sources */,
				04FD39202583CE2200C4B7A5 /* DetailDepositTableViewCell.swift in Sources */,
				04FD39132583CC7800C4B7A5 /* DetailDepositVC.swift in Sources */,
				04FD38CF2583BFA400C4B7A5 /* DepositsVC.swift in Sources */,
				04FD38CB2583BFA400C4B7A5 /* AppDelegate.swift in Sources */,
				04FD38CD2583BFA400C4B7A5 /* SceneDelegate.swift in Sources */,
				04FD39182583CCAC00C4B7A5 /* DepositTableViewCell.swift in Sources */,
			);
			runOnlyForDeploymentPostprocessing = 0;
		};
		04FD38DC2583BFA500C4B7A5 /* Sources */ = {
			isa = PBXSourcesBuildPhase;
			buildActionMask = 2147483647;
			files = (
				04FD38E52583BFA500C4B7A5 /* Deposit_CalculatorTests.swift in Sources */,
			);
			runOnlyForDeploymentPostprocessing = 0;
		};
		04FD38E72583BFA500C4B7A5 /* Sources */ = {
			isa = PBXSourcesBuildPhase;
			buildActionMask = 2147483647;
			files = (
				04FD38F02583BFA500C4B7A5 /* Deposit_CalculatorUITests.swift in Sources */,
			);
			runOnlyForDeploymentPostprocessing = 0;
		};
/* End PBXSourcesBuildPhase section */

/* Begin PBXTargetDependency section */
		04FD38E22583BFA500C4B7A5 /* PBXTargetDependency */ = {
			isa = PBXTargetDependency;
			target = 04FD38C62583BFA400C4B7A5 /* Deposit Calculator */;
			targetProxy = 04FD38E12583BFA500C4B7A5 /* PBXContainerItemProxy */;
		};
		04FD38ED2583BFA500C4B7A5 /* PBXTargetDependency */ = {
			isa = PBXTargetDependency;
			target = 04FD38C62583BFA400C4B7A5 /* Deposit Calculator */;
			targetProxy = 04FD38EC2583BFA500C4B7A5 /* PBXContainerItemProxy */;
		};
/* End PBXTargetDependency section */

/* Begin PBXVariantGroup section */
		04FD38D02583BFA400C4B7A5 /* Main.storyboard */ = {
			isa = PBXVariantGroup;
			children = (
				04FD38D12583BFA400C4B7A5 /* Base */,
			);
			name = Main.storyboard;
			sourceTree = "<group>";
		};
		04FD38D82583BFA500C4B7A5 /* LaunchScreen.storyboard */ = {
			isa = PBXVariantGroup;
			children = (
				04FD38D92583BFA500C4B7A5 /* Base */,
			);
			name = LaunchScreen.storyboard;
			sourceTree = "<group>";
		};
/* End PBXVariantGroup section */

/* Begin XCBuildConfiguration section */
		04FD38F22583BFA500C4B7A5 /* Debug */ = {
			isa = XCBuildConfiguration;
			buildSettings = {
				ALWAYS_SEARCH_USER_PATHS = NO;
				CLANG_ANALYZER_NONNULL = YES;
				CLANG_ANALYZER_NUMBER_OBJECT_CONVERSION = YES_AGGRESSIVE;
				CLANG_CXX_LANGUAGE_STANDARD = "gnu++14";
				CLANG_CXX_LIBRARY = "libc++";
				CLANG_ENABLE_MODULES = YES;
				CLANG_ENABLE_OBJC_ARC = YES;
				CLANG_ENABLE_OBJC_WEAK = YES;
				CLANG_WARN_BLOCK_CAPTURE_AUTORELEASING = YES;
				CLANG_WARN_BOOL_CONVERSION = YES;
				CLANG_WARN_COMMA = YES;
				CLANG_WARN_CONSTANT_CONVERSION = YES;
				CLANG_WARN_DEPRECATED_OBJC_IMPLEMENTATIONS = YES;
				CLANG_WARN_DIRECT_OBJC_ISA_USAGE = YES_ERROR;
				CLANG_WARN_DOCUMENTATION_COMMENTS = YES;
				CLANG_WARN_EMPTY_BODY = YES;
				CLANG_WARN_ENUM_CONVERSION = YES;
				CLANG_WARN_INFINITE_RECURSION = YES;
				CLANG_WARN_INT_CONVERSION = YES;
				CLANG_WARN_NON_LITERAL_NULL_CONVERSION = YES;
				CLANG_WARN_OBJC_IMPLICIT_RETAIN_SELF = YES;
				CLANG_WARN_OBJC_LITERAL_CONVERSION = YES;
				CLANG_WARN_OBJC_ROOT_CLASS = YES_ERROR;
				CLANG_WARN_QUOTED_INCLUDE_IN_FRAMEWORK_HEADER = YES;
				CLANG_WARN_RANGE_LOOP_ANALYSIS = YES;
				CLANG_WARN_STRICT_PROTOTYPES = YES;
				CLANG_WARN_SUSPICIOUS_MOVE = YES;
				CLANG_WARN_UNGUARDED_AVAILABILITY = YES_AGGRESSIVE;
				CLANG_WARN_UNREACHABLE_CODE = YES;
				CLANG_WARN__DUPLICATE_METHOD_MATCH = YES;
				COPY_PHASE_STRIP = NO;
				DEBUG_INFORMATION_FORMAT = dwarf;
				ENABLE_STRICT_OBJC_MSGSEND = YES;
				ENABLE_TESTABILITY = YES;
				GCC_C_LANGUAGE_STANDARD = gnu11;
				GCC_DYNAMIC_NO_PIC = NO;
				GCC_NO_COMMON_BLOCKS = YES;
				GCC_OPTIMIZATION_LEVEL = 0;
				GCC_PREPROCESSOR_DEFINITIONS = (
					"DEBUG=1",
					"$(inherited)",
				);
				GCC_WARN_64_TO_32_BIT_CONVERSION = YES;
				GCC_WARN_ABOUT_RETURN_TYPE = YES_ERROR;
				GCC_WARN_UNDECLARED_SELECTOR = YES;
				GCC_WARN_UNINITIALIZED_AUTOS = YES_AGGRESSIVE;
				GCC_WARN_UNUSED_FUNCTION = YES;
				GCC_WARN_UNUSED_VARIABLE = YES;
				IPHONEOS_DEPLOYMENT_TARGET = 14.2;
				MTL_ENABLE_DEBUG_INFO = INCLUDE_SOURCE;
				MTL_FAST_MATH = YES;
				ONLY_ACTIVE_ARCH = YES;
				SDKROOT = iphoneos;
				SWIFT_ACTIVE_COMPILATION_CONDITIONS = DEBUG;
				SWIFT_OPTIMIZATION_LEVEL = "-Onone";
			};
			name = Debug;
		};
		04FD38F32583BFA500C4B7A5 /* Release */ = {
			isa = XCBuildConfiguration;
			buildSettings = {
				ALWAYS_SEARCH_USER_PATHS = NO;
				CLANG_ANALYZER_NONNULL = YES;
				CLANG_ANALYZER_NUMBER_OBJECT_CONVERSION = YES_AGGRESSIVE;
				CLANG_CXX_LANGUAGE_STANDARD = "gnu++14";
				CLANG_CXX_LIBRARY = "libc++";
				CLANG_ENABLE_MODULES = YES;
				CLANG_ENABLE_OBJC_ARC = YES;
				CLANG_ENABLE_OBJC_WEAK = YES;
				CLANG_WARN_BLOCK_CAPTURE_AUTORELEASING = YES;
				CLANG_WARN_BOOL_CONVERSION = YES;
				CLANG_WARN_COMMA = YES;
				CLANG_WARN_CONSTANT_CONVERSION = YES;
				CLANG_WARN_DEPRECATED_OBJC_IMPLEMENTATIONS = YES;
				CLANG_WARN_DIRECT_OBJC_ISA_USAGE = YES_ERROR;
				CLANG_WARN_DOCUMENTATION_COMMENTS = YES;
				CLANG_WARN_EMPTY_BODY = YES;
				CLANG_WARN_ENUM_CONVERSION = YES;
				CLANG_WARN_INFINITE_RECURSION = YES;
				CLANG_WARN_INT_CONVERSION = YES;
				CLANG_WARN_NON_LITERAL_NULL_CONVERSION = YES;
				CLANG_WARN_OBJC_IMPLICIT_RETAIN_SELF = YES;
				CLANG_WARN_OBJC_LITERAL_CONVERSION = YES;
				CLANG_WARN_OBJC_ROOT_CLASS = YES_ERROR;
				CLANG_WARN_QUOTED_INCLUDE_IN_FRAMEWORK_HEADER = YES;
				CLANG_WARN_RANGE_LOOP_ANALYSIS = YES;
				CLANG_WARN_STRICT_PROTOTYPES = YES;
				CLANG_WARN_SUSPICIOUS_MOVE = YES;
				CLANG_WARN_UNGUARDED_AVAILABILITY = YES_AGGRESSIVE;
				CLANG_WARN_UNREACHABLE_CODE = YES;
				CLANG_WARN__DUPLICATE_METHOD_MATCH = YES;
				COPY_PHASE_STRIP = NO;
				DEBUG_INFORMATION_FORMAT = "dwarf-with-dsym";
				ENABLE_NS_ASSERTIONS = NO;
				ENABLE_STRICT_OBJC_MSGSEND = YES;
				GCC_C_LANGUAGE_STANDARD = gnu11;
				GCC_NO_COMMON_BLOCKS = YES;
				GCC_WARN_64_TO_32_BIT_CONVERSION = YES;
				GCC_WARN_ABOUT_RETURN_TYPE = YES_ERROR;
				GCC_WARN_UNDECLARED_SELECTOR = YES;
				GCC_WARN_UNINITIALIZED_AUTOS = YES_AGGRESSIVE;
				GCC_WARN_UNUSED_FUNCTION = YES;
				GCC_WARN_UNUSED_VARIABLE = YES;
				IPHONEOS_DEPLOYMENT_TARGET = 14.2;
				MTL_ENABLE_DEBUG_INFO = NO;
				MTL_FAST_MATH = YES;
				SDKROOT = iphoneos;
				SWIFT_COMPILATION_MODE = wholemodule;
				SWIFT_OPTIMIZATION_LEVEL = "-O";
				VALIDATE_PRODUCT = YES;
			};
			name = Release;
		};
		04FD38F52583BFA500C4B7A5 /* Debug */ = {
			isa = XCBuildConfiguration;
			buildSettings = {
				ASSETCATALOG_COMPILER_APPICON_NAME = AppIcon;
				ASSETCATALOG_COMPILER_GLOBAL_ACCENT_COLOR_NAME = AccentColor;
				CODE_SIGN_ENTITLEMENTS = "Deposit Calculator/Deposit Calculator.entitlements";
				CODE_SIGN_STYLE = Automatic;
				DEVELOPMENT_TEAM = TKCHBW3N32;
				INFOPLIST_FILE = "Deposit Calculator/Info.plist";
				IPHONEOS_DEPLOYMENT_TARGET = 10.0;
				LD_RUNPATH_SEARCH_PATHS = (
					"$(inherited)",
					"@executable_path/Frameworks",
				);
				PRODUCT_BUNDLE_IDENTIFIER = "tymoshch.Deposit-Calculator";
				PRODUCT_NAME = "$(TARGET_NAME)";
				SUPPORTS_MACCATALYST = YES;
				SWIFT_VERSION = 5.0;
				TARGETED_DEVICE_FAMILY = "1,2";
			};
			name = Debug;
		};
		04FD38F62583BFA500C4B7A5 /* Release */ = {
			isa = XCBuildConfiguration;
			buildSettings = {
				ASSETCATALOG_COMPILER_APPICON_NAME = AppIcon;
				ASSETCATALOG_COMPILER_GLOBAL_ACCENT_COLOR_NAME = AccentColor;
				CODE_SIGN_ENTITLEMENTS = "Deposit Calculator/Deposit Calculator.entitlements";
				CODE_SIGN_STYLE = Automatic;
				DEVELOPMENT_TEAM = TKCHBW3N32;
				INFOPLIST_FILE = "Deposit Calculator/Info.plist";
				IPHONEOS_DEPLOYMENT_TARGET = 10.0;
				LD_RUNPATH_SEARCH_PATHS = (
					"$(inherited)",
					"@executable_path/Frameworks",
				);
				PRODUCT_BUNDLE_IDENTIFIER = "tymoshch.Deposit-Calculator";
				PRODUCT_NAME = "$(TARGET_NAME)";
				SUPPORTS_MACCATALYST = YES;
				SWIFT_VERSION = 5.0;
				TARGETED_DEVICE_FAMILY = "1,2";
			};
			name = Release;
		};
		04FD38F82583BFA500C4B7A5 /* Debug */ = {
			isa = XCBuildConfiguration;
			buildSettings = {
				ALWAYS_EMBED_SWIFT_STANDARD_LIBRARIES = YES;
				BUNDLE_LOADER = "$(TEST_HOST)";
				CODE_SIGN_STYLE = Automatic;
				DEVELOPMENT_TEAM = TKCHBW3N32;
				INFOPLIST_FILE = "Deposit CalculatorTests/Info.plist";
				IPHONEOS_DEPLOYMENT_TARGET = 14.2;
				LD_RUNPATH_SEARCH_PATHS = (
					"$(inherited)",
					"@executable_path/Frameworks",
					"@loader_path/Frameworks",
				);
				PRODUCT_BUNDLE_IDENTIFIER = "tymoshch.Deposit-CalculatorTests";
				PRODUCT_NAME = "$(TARGET_NAME)";
				SWIFT_VERSION = 5.0;
				TARGETED_DEVICE_FAMILY = "1,2";
				TEST_HOST = "$(BUILT_PRODUCTS_DIR)/Deposit Calculator.app/Deposit Calculator";
			};
			name = Debug;
		};
		04FD38F92583BFA500C4B7A5 /* Release */ = {
			isa = XCBuildConfiguration;
			buildSettings = {
				ALWAYS_EMBED_SWIFT_STANDARD_LIBRARIES = YES;
				BUNDLE_LOADER = "$(TEST_HOST)";
				CODE_SIGN_STYLE = Automatic;
				DEVELOPMENT_TEAM = TKCHBW3N32;
				INFOPLIST_FILE = "Deposit CalculatorTests/Info.plist";
				IPHONEOS_DEPLOYMENT_TARGET = 14.2;
				LD_RUNPATH_SEARCH_PATHS = (
					"$(inherited)",
					"@executable_path/Frameworks",
					"@loader_path/Frameworks",
				);
				PRODUCT_BUNDLE_IDENTIFIER = "tymoshch.Deposit-CalculatorTests";
				PRODUCT_NAME = "$(TARGET_NAME)";
				SWIFT_VERSION = 5.0;
				TARGETED_DEVICE_FAMILY = "1,2";
				TEST_HOST = "$(BUILT_PRODUCTS_DIR)/Deposit Calculator.app/Deposit Calculator";
			};
			name = Release;
		};
		04FD38FB2583BFA500C4B7A5 /* Debug */ = {
			isa = XCBuildConfiguration;
			buildSettings = {
				ALWAYS_EMBED_SWIFT_STANDARD_LIBRARIES = YES;
				CODE_SIGN_STYLE = Automatic;
				DEVELOPMENT_TEAM = TKCHBW3N32;
				INFOPLIST_FILE = "Deposit CalculatorUITests/Info.plist";
				LD_RUNPATH_SEARCH_PATHS = (
					"$(inherited)",
					"@executable_path/Frameworks",
					"@loader_path/Frameworks",
				);
				PRODUCT_BUNDLE_IDENTIFIER = "tymoshch.Deposit-CalculatorUITests";
				PRODUCT_NAME = "$(TARGET_NAME)";
				SWIFT_VERSION = 5.0;
				TARGETED_DEVICE_FAMILY = "1,2";
				TEST_TARGET_NAME = "Deposit Calculator";
			};
			name = Debug;
		};
		04FD38FC2583BFA500C4B7A5 /* Release */ = {
			isa = XCBuildConfiguration;
			buildSettings = {
				ALWAYS_EMBED_SWIFT_STANDARD_LIBRARIES = YES;
				CODE_SIGN_STYLE = Automatic;
				DEVELOPMENT_TEAM = TKCHBW3N32;
				INFOPLIST_FILE = "Deposit CalculatorUITests/Info.plist";
				LD_RUNPATH_SEARCH_PATHS = (
					"$(inherited)",
					"@executable_path/Frameworks",
					"@loader_path/Frameworks",
				);
				PRODUCT_BUNDLE_IDENTIFIER = "tymoshch.Deposit-CalculatorUITests";
				PRODUCT_NAME = "$(TARGET_NAME)";
				SWIFT_VERSION = 5.0;
				TARGETED_DEVICE_FAMILY = "1,2";
				TEST_TARGET_NAME = "Deposit Calculator";
			};
			name = Release;
		};
/* End XCBuildConfiguration section */

/* Begin XCConfigurationList section */
		04FD38C22583BFA400C4B7A5 /* Build configuration list for PBXProject "Deposit Calculator" */ = {
			isa = XCConfigurationList;
			buildConfigurations = (
				04FD38F22583BFA500C4B7A5 /* Debug */,
				04FD38F32583BFA500C4B7A5 /* Release */,
			);
			defaultConfigurationIsVisible = 0;
			defaultConfigurationName = Release;
		};
		04FD38F42583BFA500C4B7A5 /* Build configuration list for PBXNativeTarget "Deposit Calculator" */ = {
			isa = XCConfigurationList;
			buildConfigurations = (
				04FD38F52583BFA500C4B7A5 /* Debug */,
				04FD38F62583BFA500C4B7A5 /* Release */,
			);
			defaultConfigurationIsVisible = 0;
			defaultConfigurationName = Release;
		};
		04FD38F72583BFA500C4B7A5 /* Build configuration list for PBXNativeTarget "Deposit CalculatorTests" */ = {
			isa = XCConfigurationList;
			buildConfigurations = (
				04FD38F82583BFA500C4B7A5 /* Debug */,
				04FD38F92583BFA500C4B7A5 /* Release */,
			);
			defaultConfigurationIsVisible = 0;
			defaultConfigurationName = Release;
		};
		04FD38FA2583BFA500C4B7A5 /* Build configuration list for PBXNativeTarget "Deposit CalculatorUITests" */ = {
			isa = XCConfigurationList;
			buildConfigurations = (
				04FD38FB2583BFA500C4B7A5 /* Debug */,
				04FD38FC2583BFA500C4B7A5 /* Release */,
			);
			defaultConfigurationIsVisible = 0;
			defaultConfigurationName = Release;
		};
/* End XCConfigurationList section */

/* Begin XCVersionGroup section */
		04FD38D32583BFA400C4B7A5 /* Deposit_Calculator.xcdatamodeld */ = {
			isa = XCVersionGroup;
			children = (
				04FD38D42583BFA400C4B7A5 /* Deposit_Calculator.xcdatamodel */,
			);
			currentVersion = 04FD38D42583BFA400C4B7A5 /* Deposit_Calculator.xcdatamodel */;
			path = Deposit_Calculator.xcdatamodeld;
			sourceTree = "<group>";
			versionGroupType = wrapper.xcdatamodel;
		};
/* End XCVersionGroup section */
	};
	rootObject = 04FD38BF2583BFA400C4B7A5 /* Project object */;
}
